
Microsoft Visual Studio Solution File, Format Version 12.00
# Visual Studio Version 17
VisualStudioVersion = 17.14.36811.4 d17.14
MinimumVisualStudioVersion = 10.0.40219.1
Project("{FAE04EC0-301F-11D3-BF4B-00C04F79EFBC}") = "ConsoleApp48", "ConsoleApp48\ConsoleApp48.csproj", "{908B4AE2-82C8-4C8C-A309-5AA7D32F031C}"
EndProject
Global
	GlobalSection(SolutionConfigurationPlatforms) = preSolution
		Debug|Any CPU = Debug|Any CPU
		Release|Any CPU = Release|Any CPU
	EndGlobalSection
	GlobalSection(ProjectConfigurationPlatforms) = postSolution
		{908B4AE2-82C8-4C8C-A309-5AA7D32F031C}.Debug|Any CPU.ActiveCfg = Debug|Any CPU
		{908B4AE2-82C8-4C8C-A309-5AA7D32F031C}.Debug|Any CPU.Build.0 = Debug|Any CPU
		{908B4AE2-82C8-4C8C-A309-5AA7D32F031C}.Release|Any CPU.ActiveCfg = Release|Any CPU
		{908B4AE2-82C8-4C8C-A309-5AA7D32F031C}.Release|Any CPU.Build.0 = Release|Any CPU
	EndGlobalSection
	GlobalSection(SolutionProperties) = preSolution
		HideSolutionNode = FALSE
	EndGlobalSection
	GlobalSection(ExtensibilityGlobals) = postSolution
		SolutionGuid = {657A179B-9041-4C7F-883D-A662CA4F1791}
	EndGlobalSection
EndGlobal
