
Microsoft Visual Studio Solution File, Format Version 12.00
# Visual Studio Version 17
VisualStudioVersion = 17.14.36811.4 d17.14
MinimumVisualStudioVersion = 10.0.40219.1
Project("{FAE04EC0-301F-11D3-BF4B-00C04F79EFBC}") = "ConsoleApp24", "ConsoleApp24\ConsoleApp24.csproj", "{BD5F2AAD-67AF-408B-BD11-FC5E08AD0BEF}"
EndProject
Global
	GlobalSection(SolutionConfigurationPlatforms) = preSolution
		Debug|Any CPU = Debug|Any CPU
		Release|Any CPU = Release|Any CPU
	EndGlobalSection
	GlobalSection(ProjectConfigurationPlatforms) = postSolution
		{BD5F2AAD-67AF-408B-BD11-FC5E08AD0BEF}.Debug|Any CPU.ActiveCfg = Debug|Any CPU
		{BD5F2AAD-67AF-408B-BD11-FC5E08AD0BEF}.Debug|Any CPU.Build.0 = Debug|Any CPU
		{BD5F2AAD-67AF-408B-BD11-FC5E08AD0BEF}.Release|Any CPU.ActiveCfg = Release|Any CPU
		{BD5F2AAD-67AF-408B-BD11-FC5E08AD0BEF}.Release|Any CPU.Build.0 = Release|Any CPU
	EndGlobalSection
	GlobalSection(SolutionProperties) = preSolution
		HideSolutionNode = FALSE
	EndGlobalSection
	GlobalSection(ExtensibilityGlobals) = postSolution
		SolutionGuid = {40B7C94C-F971-4ED9-B018-404BF9CD8278}
	EndGlobalSection
EndGlobal
