
Microsoft Visual Studio Solution File, Format Version 12.00
# Visual Studio Version 17
VisualStudioVersion = 17.14.36811.4 d17.14
MinimumVisualStudioVersion = 10.0.40219.1
Project("{FAE04EC0-301F-11D3-BF4B-00C04F79EFBC}") = "ConsoleApp12", "ConsoleApp12\ConsoleApp12.csproj", "{7A8F7037-ED75-4DAE-ADE2-B7724774A946}"
EndProject
Global
	GlobalSection(SolutionConfigurationPlatforms) = preSolution
		Debug|Any CPU = Debug|Any CPU
		Release|Any CPU = Release|Any CPU
	EndGlobalSection
	GlobalSection(ProjectConfigurationPlatforms) = postSolution
		{7A8F7037-ED75-4DAE-ADE2-B7724774A946}.Debug|Any CPU.ActiveCfg = Debug|Any CPU
		{7A8F7037-ED75-4DAE-ADE2-B7724774A946}.Debug|Any CPU.Build.0 = Debug|Any CPU
		{7A8F7037-ED75-4DAE-ADE2-B7724774A946}.Release|Any CPU.ActiveCfg = Release|Any CPU
		{7A8F7037-ED75-4DAE-ADE2-B7724774A946}.Release|Any CPU.Build.0 = Release|Any CPU
	EndGlobalSection
	GlobalSection(SolutionProperties) = preSolution
		HideSolutionNode = FALSE
	EndGlobalSection
	GlobalSection(ExtensibilityGlobals) = postSolution
		SolutionGuid = {F72C57FE-5726-4BC6-9944-97755E93F46A}
	EndGlobalSection
EndGlobal
