
Microsoft Visual Studio Solution File, Format Version 12.00
# Visual Studio Version 17
VisualStudioVersion = 17.14.36811.4 d17.14
MinimumVisualStudioVersion = 10.0.40219.1
Project("{FAE04EC0-301F-11D3-BF4B-00C04F79EFBC}") = "ConsoleApp25", "ConsoleApp25\ConsoleApp25.csproj", "{4BFC56DC-8B94-4A0A-854F-79963DD3195D}"
EndProject
Global
	GlobalSection(SolutionConfigurationPlatforms) = preSolution
		Debug|Any CPU = Debug|Any CPU
		Release|Any CPU = Release|Any CPU
	EndGlobalSection
	GlobalSection(ProjectConfigurationPlatforms) = postSolution
		{4BFC56DC-8B94-4A0A-854F-79963DD3195D}.Debug|Any CPU.ActiveCfg = Debug|Any CPU
		{4BFC56DC-8B94-4A0A-854F-79963DD3195D}.Debug|Any CPU.Build.0 = Debug|Any CPU
		{4BFC56DC-8B94-4A0A-854F-79963DD3195D}.Release|Any CPU.ActiveCfg = Release|Any CPU
		{4BFC56DC-8B94-4A0A-854F-79963DD3195D}.Release|Any CPU.Build.0 = Release|Any CPU
	EndGlobalSection
	GlobalSection(SolutionProperties) = preSolution
		HideSolutionNode = FALSE
	EndGlobalSection
	GlobalSection(ExtensibilityGlobals) = postSolution
		SolutionGuid = {F10958B0-127D-4422-953C-D8674156930C}
	EndGlobalSection
EndGlobal
