
Microsoft Visual Studio Solution File, Format Version 12.00
# Visual Studio Version 17
VisualStudioVersion = 17.14.36811.4 d17.14
MinimumVisualStudioVersion = 10.0.40219.1
Project("{FAE04EC0-301F-11D3-BF4B-00C04F79EFBC}") = "ConsoleApp23", "ConsoleApp23\ConsoleApp23.csproj", "{55B579CF-661A-4368-8AF7-D9E98076A490}"
EndProject
Global
	GlobalSection(SolutionConfigurationPlatforms) = preSolution
		Debug|Any CPU = Debug|Any CPU
		Release|Any CPU = Release|Any CPU
	EndGlobalSection
	GlobalSection(ProjectConfigurationPlatforms) = postSolution
		{55B579CF-661A-4368-8AF7-D9E98076A490}.Debug|Any CPU.ActiveCfg = Debug|Any CPU
		{55B579CF-661A-4368-8AF7-D9E98076A490}.Debug|Any CPU.Build.0 = Debug|Any CPU
		{55B579CF-661A-4368-8AF7-D9E98076A490}.Release|Any CPU.ActiveCfg = Release|Any CPU
		{55B579CF-661A-4368-8AF7-D9E98076A490}.Release|Any CPU.Build.0 = Release|Any CPU
	EndGlobalSection
	GlobalSection(SolutionProperties) = preSolution
		HideSolutionNode = FALSE
	EndGlobalSection
	GlobalSection(ExtensibilityGlobals) = postSolution
		SolutionGuid = {25673042-E022-4656-A2F7-817787453591}
	EndGlobalSection
EndGlobal
