
Microsoft Visual Studio Solution File, Format Version 12.00
# Visual Studio Version 17
VisualStudioVersion = 17.14.36811.4 d17.14
MinimumVisualStudioVersion = 10.0.40219.1
Project("{FAE04EC0-301F-11D3-BF4B-00C04F79EFBC}") = "ConsoleApp44", "ConsoleApp44\ConsoleApp44.csproj", "{6E61BAC7-1AC5-4518-B01F-FEBBB99D75A5}"
EndProject
Global
	GlobalSection(SolutionConfigurationPlatforms) = preSolution
		Debug|Any CPU = Debug|Any CPU
		Release|Any CPU = Release|Any CPU
	EndGlobalSection
	GlobalSection(ProjectConfigurationPlatforms) = postSolution
		{6E61BAC7-1AC5-4518-B01F-FEBBB99D75A5}.Debug|Any CPU.ActiveCfg = Debug|Any CPU
		{6E61BAC7-1AC5-4518-B01F-FEBBB99D75A5}.Debug|Any CPU.Build.0 = Debug|Any CPU
		{6E61BAC7-1AC5-4518-B01F-FEBBB99D75A5}.Release|Any CPU.ActiveCfg = Release|Any CPU
		{6E61BAC7-1AC5-4518-B01F-FEBBB99D75A5}.Release|Any CPU.Build.0 = Release|Any CPU
	EndGlobalSection
	GlobalSection(SolutionProperties) = preSolution
		HideSolutionNode = FALSE
	EndGlobalSection
	GlobalSection(ExtensibilityGlobals) = postSolution
		SolutionGuid = {ACE4A835-1493-4059-BFFB-F33BAFDF0275}
	EndGlobalSection
EndGlobal
