
Microsoft Visual Studio Solution File, Format Version 12.00
# Visual Studio Version 17
VisualStudioVersion = 17.14.36811.4 d17.14
MinimumVisualStudioVersion = 10.0.40219.1
Project("{FAE04EC0-301F-11D3-BF4B-00C04F79EFBC}") = "ConsoleApp5", "ConsoleApp5\ConsoleApp5.csproj", "{A6047899-54EA-4327-9017-923B3E4DDA17}"
EndProject
Global
	GlobalSection(SolutionConfigurationPlatforms) = preSolution
		Debug|Any CPU = Debug|Any CPU
		Release|Any CPU = Release|Any CPU
	EndGlobalSection
	GlobalSection(ProjectConfigurationPlatforms) = postSolution
		{A6047899-54EA-4327-9017-923B3E4DDA17}.Debug|Any CPU.ActiveCfg = Debug|Any CPU
		{A6047899-54EA-4327-9017-923B3E4DDA17}.Debug|Any CPU.Build.0 = Debug|Any CPU
		{A6047899-54EA-4327-9017-923B3E4DDA17}.Release|Any CPU.ActiveCfg = Release|Any CPU
		{A6047899-54EA-4327-9017-923B3E4DDA17}.Release|Any CPU.Build.0 = Release|Any CPU
	EndGlobalSection
	GlobalSection(SolutionProperties) = preSolution
		HideSolutionNode = FALSE
	EndGlobalSection
	GlobalSection(ExtensibilityGlobals) = postSolution
		SolutionGuid = {DCB3EABA-FBA5-45A6-8C5E-C500FD7F7F0D}
	EndGlobalSection
EndGlobal
